// !$*UTF8*$!
{
	archiveVersion = 1;
	classes = {
	};
	objectVersion = 55;
	objects = {

/* Begin PBXBuildFile section */
		3E032A4D2B88DAE900C37257 /* Constants.swift in Sources */ = {isa = PBXBuildFile; fileRef = 3E032A4C2B88DAE900C37257 /* Constants.swift */; };
		3E032A4F2B89671C00C37257 /* AuthViewController.swift in Sources */ = {isa = PBXBuildFile; fileRef = 3E032A4E2B89671C00C37257 /* AuthViewController.swift */; };
		3E032A522B896FFC00C37257 /* WebViewViewController.swift in Sources */ = {isa = PBXBuildFile; fileRef = 3E032A512B896FFC00C37257 /* WebViewViewController.swift */; };
		3E032A562B8A545200C37257 /* WebViewViewControllerDelegate.swift in Sources */ = {isa = PBXBuildFile; fileRef = 3E032A552B8A545200C37257 /* WebViewViewControllerDelegate.swift */; };
		3E032A582B8B808400C37257 /* OAuth2Service.swift in Sources */ = {isa = PBXBuildFile; fileRef = 3E032A572B8B808400C37257 /* OAuth2Service.swift */; };
		3E032A5B2B8BEE7300C37257 /* URLSession+data.swift in Sources */ = {isa = PBXBuildFile; fileRef = 3E032A5A2B8BEE7300C37257 /* URLSession+data.swift */; };
		3E032A5D2B8BF2D400C37257 /* OAuthTokenResponseBody.swift in Sources */ = {isa = PBXBuildFile; fileRef = 3E032A5C2B8BF2D400C37257 /* OAuthTokenResponseBody.swift */; };
		3E032A5F2B8BF97A00C37257 /* OAuth2TokenStorage.swift in Sources */ = {isa = PBXBuildFile; fileRef = 3E032A5E2B8BF97A00C37257 /* OAuth2TokenStorage.swift */; };
		3E032A652B8FDFF700C37257 /* SplashViewController.swift in Sources */ = {isa = PBXBuildFile; fileRef = 3E032A642B8FDFF700C37257 /* SplashViewController.swift */; };
		3E1C06AA2B4C336600847970 /* AppDelegate.swift in Sources */ = {isa = PBXBuildFile; fileRef = 3E1C06A92B4C336600847970 /* AppDelegate.swift */; };
		3E1C06AC2B4C336600847970 /* SceneDelegate.swift in Sources */ = {isa = PBXBuildFile; fileRef = 3E1C06AB2B4C336600847970 /* SceneDelegate.swift */; };
		3E1C06AE2B4C336600847970 /* ImagesListViewController.swift in Sources */ = {isa = PBXBuildFile; fileRef = 3E1C06AD2B4C336600847970 /* ImagesListViewController.swift */; };
		3E1C06B12B4C336600847970 /* Main.storyboard in Resources */ = {isa = PBXBuildFile; fileRef = 3E1C06AF2B4C336600847970 /* Main.storyboard */; };
		3E1C06B32B4C336700847970 /* Assets.xcassets in Resources */ = {isa = PBXBuildFile; fileRef = 3E1C06B22B4C336700847970 /* Assets.xcassets */; };
		3E1C06B62B4C336700847970 /* LaunchScreen.storyboard in Resources */ = {isa = PBXBuildFile; fileRef = 3E1C06B42B4C336700847970 /* LaunchScreen.storyboard */; };
		3E58E78C2B6D42860078CF86 /* ProfileViewController.swift in Sources */ = {isa = PBXBuildFile; fileRef = 3E58E78B2B6D42860078CF86 /* ProfileViewController.swift */; };
		3E8263202B93437200456D31 /* ProgressHUD in Frameworks */ = {isa = PBXBuildFile; productRef = 3E82631F2B93437200456D31 /* ProgressHUD */; };
		3E8263222B93E8DC00456D31 /* UIBlockingProgressHUD.swift in Sources */ = {isa = PBXBuildFile; fileRef = 3E8263212B93E8DC00456D31 /* UIBlockingProgressHUD.swift */; };
		3E8263242B948BDE00456D31 /* ProfileService.swift in Sources */ = {isa = PBXBuildFile; fileRef = 3E8263232B948BDE00456D31 /* ProfileService.swift */; };
		3E8263262B94E37500456D31 /* ProfileImageService.swift in Sources */ = {isa = PBXBuildFile; fileRef = 3E8263252B94E37500456D31 /* ProfileImageService.swift */; };
		3E8263292B99EDEC00456D31 /* Kingfisher in Frameworks */ = {isa = PBXBuildFile; productRef = 3E8263282B99EDEC00456D31 /* Kingfisher */; };
		3E82632C2B99F77200456D31 /* SwiftKeychainWrapper in Frameworks */ = {isa = PBXBuildFile; productRef = 3E82632B2B99F77200456D31 /* SwiftKeychainWrapper */; };
		3E82632E2B9A6C8600456D31 /* TabBarController.swift in Sources */ = {isa = PBXBuildFile; fileRef = 3E82632D2B9A6C8600456D31 /* TabBarController.swift */; };
		3E82633F2B9D314600456D31 /* ImageListService.swift in Sources */ = {isa = PBXBuildFile; fileRef = 3E82633E2B9D314600456D31 /* ImageListService.swift */; };
		3E8263612B9E0B3200456D31 /* ImageFeedTests.swift in Sources */ = {isa = PBXBuildFile; fileRef = 3E8263602B9E0B3200456D31 /* ImageFeedTests.swift */; };
		3E98F1ED2B4D7C9500EEA3D9 /* ImagesListCell.swift in Sources */ = {isa = PBXBuildFile; fileRef = 3E98F1EC2B4D7C9500EEA3D9 /* ImagesListCell.swift */; };
		3EA4DCD12B7408C6001AB0F8 /* SingleImageViewController.swift in Sources */ = {isa = PBXBuildFile; fileRef = 3EA4DCD02B7408C6001AB0F8 /* SingleImageViewController.swift */; };
/* End PBXBuildFile section */

/* Begin PBXContainerItemProxy section */
		3E8263622B9E0B3200456D31 /* PBXContainerItemProxy */ = {
			isa = PBXContainerItemProxy;
			containerPortal = 3E1C069E2B4C336600847970 /* Project object */;
			proxyType = 1;
			remoteGlobalIDString = 3E1C06A52B4C336600847970;
			remoteInfo = ImageFeed;
		};
/* End PBXContainerItemProxy section */

/* Begin PBXFileReference section */
		3E032A4C2B88DAE900C37257 /* Constants.swift */ = {isa = PBXFileReference; lastKnownFileType = sourcecode.swift; path = Constants.swift; sourceTree = "<group>"; };
		3E032A4E2B89671C00C37257 /* AuthViewController.swift */ = {isa = PBXFileReference; lastKnownFileType = sourcecode.swift; path = AuthViewController.swift; sourceTree = "<group>"; };
		3E032A512B896FFC00C37257 /* WebViewViewController.swift */ = {isa = PBXFileReference; lastKnownFileType = sourcecode.swift; path = WebViewViewController.swift; sourceTree = "<group>"; };
		3E032A552B8A545200C37257 /* WebViewViewControllerDelegate.swift */ = {isa = PBXFileReference; lastKnownFileType = sourcecode.swift; path = WebViewViewControllerDelegate.swift; sourceTree = "<group>"; };
		3E032A572B8B808400C37257 /* OAuth2Service.swift */ = {isa = PBXFileReference; lastKnownFileType = sourcecode.swift; path = OAuth2Service.swift; sourceTree = "<group>"; };
		3E032A5A2B8BEE7300C37257 /* URLSession+data.swift */ = {isa = PBXFileReference; lastKnownFileType = sourcecode.swift; path = "URLSession+data.swift"; sourceTree = "<group>"; };
		3E032A5C2B8BF2D400C37257 /* OAuthTokenResponseBody.swift */ = {isa = PBXFileReference; lastKnownFileType = sourcecode.swift; path = OAuthTokenResponseBody.swift; sourceTree = "<group>"; };
		3E032A5E2B8BF97A00C37257 /* OAuth2TokenStorage.swift */ = {isa = PBXFileReference; lastKnownFileType = sourcecode.swift; path = OAuth2TokenStorage.swift; sourceTree = "<group>"; };
		3E032A642B8FDFF700C37257 /* SplashViewController.swift */ = {isa = PBXFileReference; lastKnownFileType = sourcecode.swift; path = SplashViewController.swift; sourceTree = "<group>"; };
		3E1C06A62B4C336600847970 /* ImageFeed.app */ = {isa = PBXFileReference; explicitFileType = wrapper.application; includeInIndex = 0; path = ImageFeed.app; sourceTree = BUILT_PRODUCTS_DIR; };
		3E1C06A92B4C336600847970 /* AppDelegate.swift */ = {isa = PBXFileReference; lastKnownFileType = sourcecode.swift; path = AppDelegate.swift; sourceTree = "<group>"; };
		3E1C06AB2B4C336600847970 /* SceneDelegate.swift */ = {isa = PBXFileReference; lastKnownFileType = sourcecode.swift; path = SceneDelegate.swift; sourceTree = "<group>"; };
		3E1C06AD2B4C336600847970 /* ImagesListViewController.swift */ = {isa = PBXFileReference; lastKnownFileType = sourcecode.swift; path = ImagesListViewController.swift; sourceTree = "<group>"; };
		3E1C06B02B4C336600847970 /* Base */ = {isa = PBXFileReference; lastKnownFileType = file.storyboard; name = Base; path = Base.lproj/Main.storyboard; sourceTree = "<group>"; };
		3E1C06B22B4C336700847970 /* Assets.xcassets */ = {isa = PBXFileReference; lastKnownFileType = folder.assetcatalog; path = Assets.xcassets; sourceTree = "<group>"; };
		3E1C06B52B4C336700847970 /* Base */ = {isa = PBXFileReference; lastKnownFileType = file.storyboard; name = Base; path = Base.lproj/LaunchScreen.storyboard; sourceTree = "<group>"; };
		3E1C06B72B4C336700847970 /* Info.plist */ = {isa = PBXFileReference; lastKnownFileType = text.plist.xml; path = Info.plist; sourceTree = "<group>"; };
		3E58E78B2B6D42860078CF86 /* ProfileViewController.swift */ = {isa = PBXFileReference; lastKnownFileType = sourcecode.swift; path = ProfileViewController.swift; sourceTree = "<group>"; };
		3E8263212B93E8DC00456D31 /* UIBlockingProgressHUD.swift */ = {isa = PBXFileReference; lastKnownFileType = sourcecode.swift; path = UIBlockingProgressHUD.swift; sourceTree = "<group>"; };
		3E8263232B948BDE00456D31 /* ProfileService.swift */ = {isa = PBXFileReference; lastKnownFileType = sourcecode.swift; path = ProfileService.swift; sourceTree = "<group>"; };
		3E8263252B94E37500456D31 /* ProfileImageService.swift */ = {isa = PBXFileReference; lastKnownFileType = sourcecode.swift; path = ProfileImageService.swift; sourceTree = "<group>"; };
		3E82632D2B9A6C8600456D31 /* TabBarController.swift */ = {isa = PBXFileReference; lastKnownFileType = sourcecode.swift; path = TabBarController.swift; sourceTree = "<group>"; };
		3E82633E2B9D314600456D31 /* ImageListService.swift */ = {isa = PBXFileReference; lastKnownFileType = sourcecode.swift; path = ImageListService.swift; sourceTree = "<group>"; };
		3E82635E2B9E0B3200456D31 /* ImageFeedTests.xctest */ = {isa = PBXFileReference; explicitFileType = wrapper.cfbundle; includeInIndex = 0; path = ImageFeedTests.xctest; sourceTree = BUILT_PRODUCTS_DIR; };
		3E8263602B9E0B3200456D31 /* ImageFeedTests.swift */ = {isa = PBXFileReference; lastKnownFileType = sourcecode.swift; path = ImageFeedTests.swift; sourceTree = "<group>"; };
		3E98F1EC2B4D7C9500EEA3D9 /* ImagesListCell.swift */ = {isa = PBXFileReference; lastKnownFileType = sourcecode.swift; path = ImagesListCell.swift; sourceTree = "<group>"; };
		3EA4DCD02B7408C6001AB0F8 /* SingleImageViewController.swift */ = {isa = PBXFileReference; lastKnownFileType = sourcecode.swift; path = SingleImageViewController.swift; sourceTree = "<group>"; };
/* End PBXFileReference section */

/* Begin PBXFrameworksBuildPhase section */
		3E1C06A32B4C336600847970 /* Frameworks */ = {
			isa = PBXFrameworksBuildPhase;
			buildActionMask = 2147483647;
			files = (
				3E8263292B99EDEC00456D31 /* Kingfisher in Frameworks */,
				3E8263202B93437200456D31 /* ProgressHUD in Frameworks */,
				3E82632C2B99F77200456D31 /* SwiftKeychainWrapper in Frameworks */,
			);
			runOnlyForDeploymentPostprocessing = 0;
		};
		3E82635B2B9E0B3200456D31 /* Frameworks */ = {
			isa = PBXFrameworksBuildPhase;
			buildActionMask = 2147483647;
			files = (
			);
			runOnlyForDeploymentPostprocessing = 0;
		};
/* End PBXFrameworksBuildPhase section */

/* Begin PBXGroup section */
		3E032A502B896D5D00C37257 /* Auth */ = {
			isa = PBXGroup;
			children = (
				3E032A4E2B89671C00C37257 /* AuthViewController.swift */,
				3E032A512B896FFC00C37257 /* WebViewViewController.swift */,
				3E032A552B8A545200C37257 /* WebViewViewControllerDelegate.swift */,
				3E032A572B8B808400C37257 /* OAuth2Service.swift */,
				3E032A5C2B8BF2D400C37257 /* OAuthTokenResponseBody.swift */,
				3E032A5E2B8BF97A00C37257 /* OAuth2TokenStorage.swift */,
			);
			path = Auth;
			sourceTree = "<group>";
		};
		3E032A592B8BEE4000C37257 /* Extansions */ = {
			isa = PBXGroup;
			children = (
				3E032A5A2B8BEE7300C37257 /* URLSession+data.swift */,
			);
			path = Extansions;
			sourceTree = "<group>";
		};
		3E1C069D2B4C336600847970 = {
			isa = PBXGroup;
			children = (
				3E1C06A82B4C336600847970 /* ImageFeed */,
				3E82635F2B9E0B3200456D31 /* ImageFeedTests */,
				3E1C06A72B4C336600847970 /* Products */,
			);
			sourceTree = "<group>";
		};
		3E1C06A72B4C336600847970 /* Products */ = {
			isa = PBXGroup;
			children = (
				3E1C06A62B4C336600847970 /* ImageFeed.app */,
				3E82635E2B9E0B3200456D31 /* ImageFeedTests.xctest */,
			);
			name = Products;
			sourceTree = "<group>";
		};
		3E1C06A82B4C336600847970 /* ImageFeed */ = {
			isa = PBXGroup;
			children = (
				3E032A642B8FDFF700C37257 /* SplashViewController.swift */,
				3E032A592B8BEE4000C37257 /* Extansions */,
				3E032A502B896D5D00C37257 /* Auth */,
				3EA4DCD22B7425D3001AB0F8 /* SingleImage */,
				3E58E78A2B6D42730078CF86 /* Profile */,
				3E98F1EE2B4D7CBE00EEA3D9 /* ImageList */,
				3E1C06A92B4C336600847970 /* AppDelegate.swift */,
				3E1C06AB2B4C336600847970 /* SceneDelegate.swift */,
				3E1C06AF2B4C336600847970 /* Main.storyboard */,
				3E1C06B22B4C336700847970 /* Assets.xcassets */,
				3E1C06B42B4C336700847970 /* LaunchScreen.storyboard */,
				3E1C06B72B4C336700847970 /* Info.plist */,
				3E032A4C2B88DAE900C37257 /* Constants.swift */,
				3E8263212B93E8DC00456D31 /* UIBlockingProgressHUD.swift */,
				3E82632D2B9A6C8600456D31 /* TabBarController.swift */,
			);
			path = ImageFeed;
			sourceTree = "<group>";
		};
		3E58E78A2B6D42730078CF86 /* Profile */ = {
			isa = PBXGroup;
			children = (
				3E58E78B2B6D42860078CF86 /* ProfileViewController.swift */,
				3E8263232B948BDE00456D31 /* ProfileService.swift */,
				3E8263252B94E37500456D31 /* ProfileImageService.swift */,
			);
			path = Profile;
			sourceTree = "<group>";
		};
		3E82635F2B9E0B3200456D31 /* ImageFeedTests */ = {
			isa = PBXGroup;
			children = (
				3E8263602B9E0B3200456D31 /* ImageFeedTests.swift */,
			);
			path = ImageFeedTests;
			sourceTree = "<group>";
		};
		3E98F1EE2B4D7CBE00EEA3D9 /* ImageList */ = {
			isa = PBXGroup;
			children = (
				3E1C06AD2B4C336600847970 /* ImagesListViewController.swift */,
				3E98F1EC2B4D7C9500EEA3D9 /* ImagesListCell.swift */,
				3E82633E2B9D314600456D31 /* ImageListService.swift */,
			);
			path = ImageList;
			sourceTree = "<group>";
		};
		3EA4DCD22B7425D3001AB0F8 /* SingleImage */ = {
			isa = PBXGroup;
			children = (
				3EA4DCD02B7408C6001AB0F8 /* SingleImageViewController.swift */,
			);
			path = SingleImage;
			sourceTree = "<group>";
		};
/* End PBXGroup section */

/* Begin PBXNativeTarget section */
		3E1C06A52B4C336600847970 /* ImageFeed */ = {
			isa = PBXNativeTarget;
			buildConfigurationList = 3E1C06BA2B4C336700847970 /* Build configuration list for PBXNativeTarget "ImageFeed" */;
			buildPhases = (
				3E1C06A22B4C336600847970 /* Sources */,
				3E1C06A32B4C336600847970 /* Frameworks */,
				3E1C06A42B4C336600847970 /* Resources */,
			);
			buildRules = (
			);
			dependencies = (
			);
			name = ImageFeed;
			packageProductDependencies = (
				3E82631F2B93437200456D31 /* ProgressHUD */,
				3E8263282B99EDEC00456D31 /* Kingfisher */,
				3E82632B2B99F77200456D31 /* SwiftKeychainWrapper */,
			);
			productName = ImageFeed;
			productReference = 3E1C06A62B4C336600847970 /* ImageFeed.app */;
			productType = "com.apple.product-type.application";
		};
		3E82635D2B9E0B3200456D31 /* ImageFeedTests */ = {
			isa = PBXNativeTarget;
			buildConfigurationList = 3E8263662B9E0B3200456D31 /* Build configuration list for PBXNativeTarget "ImageFeedTests" */;
			buildPhases = (
				3E82635A2B9E0B3200456D31 /* Sources */,
				3E82635B2B9E0B3200456D31 /* Frameworks */,
				3E82635C2B9E0B3200456D31 /* Resources */,
			);
			buildRules = (
			);
			dependencies = (
				3E8263632B9E0B3200456D31 /* PBXTargetDependency */,
			);
			name = ImageFeedTests;
			productName = ImageFeedTests;
			productReference = 3E82635E2B9E0B3200456D31 /* ImageFeedTests.xctest */;
			productType = "com.apple.product-type.bundle.unit-test";
		};
/* End PBXNativeTarget section */

/* Begin PBXProject section */
		3E1C069E2B4C336600847970 /* Project object */ = {
			isa = PBXProject;
			attributes = {
				BuildIndependentTargetsInParallel = 1;
				LastSwiftUpdateCheck = 1520;
				LastUpgradeCheck = 1310;
				TargetAttributes = {
					3E1C06A52B4C336600847970 = {
						CreatedOnToolsVersion = 13.1;
					};
					3E82635D2B9E0B3200456D31 = {
						CreatedOnToolsVersion = 15.2;
						TestTargetID = 3E1C06A52B4C336600847970;
					};
				};
			};
			buildConfigurationList = 3E1C06A12B4C336600847970 /* Build configuration list for PBXProject "ImageFeed" */;
			compatibilityVersion = "Xcode 13.0";
			developmentRegion = en;
			hasScannedForEncodings = 0;
			knownRegions = (
				en,
				Base,
			);
			mainGroup = 3E1C069D2B4C336600847970;
			packageReferences = (
				3E82631E2B93437200456D31 /* XCRemoteSwiftPackageReference "ProgressHUD" */,
				3E8263272B99EDEC00456D31 /* XCRemoteSwiftPackageReference "Kingfisher" */,
				3E82632A2B99F77200456D31 /* XCRemoteSwiftPackageReference "SwiftKeychainWrapper" */,
			);
			productRefGroup = 3E1C06A72B4C336600847970 /* Products */;
			projectDirPath = "";
			projectRoot = "";
			targets = (
				3E1C06A52B4C336600847970 /* ImageFeed */,
				3E82635D2B9E0B3200456D31 /* ImageFeedTests */,
			);
		};
/* End PBXProject section */

/* Begin PBXResourcesBuildPhase section */
		3E1C06A42B4C336600847970 /* Resources */ = {
			isa = PBXResourcesBuildPhase;
			buildActionMask = 2147483647;
			files = (
				3E1C06B62B4C336700847970 /* LaunchScreen.storyboard in Resources */,
				3E1C06B32B4C336700847970 /* Assets.xcassets in Resources */,
				3E1C06B12B4C336600847970 /* Main.storyboard in Resources */,
			);
			runOnlyForDeploymentPostprocessing = 0;
		};
		3E82635C2B9E0B3200456D31 /* Resources */ = {
			isa = PBXResourcesBuildPhase;
			buildActionMask = 2147483647;
			files = (
			);
			runOnlyForDeploymentPostprocessing = 0;
		};
/* End PBXResourcesBuildPhase section */

/* Begin PBXSourcesBuildPhase section */
		3E1C06A22B4C336600847970 /* Sources */ = {
			isa = PBXSourcesBuildPhase;
			buildActionMask = 2147483647;
			files = (
				3E1C06AE2B4C336600847970 /* ImagesListViewController.swift in Sources */,
				3E032A5B2B8BEE7300C37257 /* URLSession+data.swift in Sources */,
				3E98F1ED2B4D7C9500EEA3D9 /* ImagesListCell.swift in Sources */,
				3E8263222B93E8DC00456D31 /* UIBlockingProgressHUD.swift in Sources */,
				3E032A522B896FFC00C37257 /* WebViewViewController.swift in Sources */,
				3E82633F2B9D314600456D31 /* ImageListService.swift in Sources */,
				3E58E78C2B6D42860078CF86 /* ProfileViewController.swift in Sources */,
				3E032A5D2B8BF2D400C37257 /* OAuthTokenResponseBody.swift in Sources */,
				3E8263242B948BDE00456D31 /* ProfileService.swift in Sources */,
				3E032A5F2B8BF97A00C37257 /* OAuth2TokenStorage.swift in Sources */,
				3E032A582B8B808400C37257 /* OAuth2Service.swift in Sources */,
				3E82632E2B9A6C8600456D31 /* TabBarController.swift in Sources */,
				3E1C06AA2B4C336600847970 /* AppDelegate.swift in Sources */,
				3E032A652B8FDFF700C37257 /* SplashViewController.swift in Sources */,
				3E032A4F2B89671C00C37257 /* AuthViewController.swift in Sources */,
				3E032A4D2B88DAE900C37257 /* Constants.swift in Sources */,
				3EA4DCD12B7408C6001AB0F8 /* SingleImageViewController.swift in Sources */,
				3E8263262B94E37500456D31 /* ProfileImageService.swift in Sources */,
				3E032A562B8A545200C37257 /* WebViewViewControllerDelegate.swift in Sources */,
				3E1C06AC2B4C336600847970 /* SceneDelegate.swift in Sources */,
			);
			runOnlyForDeploymentPostprocessing = 0;
		};
		3E82635A2B9E0B3200456D31 /* Sources */ = {
			isa = PBXSourcesBuildPhase;
			buildActionMask = 2147483647;
			files = (
				3E8263612B9E0B3200456D31 /* ImageFeedTests.swift in Sources */,
			);
			runOnlyForDeploymentPostprocessing = 0;
		};
/* End PBXSourcesBuildPhase section */

/* Begin PBXTargetDependency section */
		3E8263632B9E0B3200456D31 /* PBXTargetDependency */ = {
			isa = PBXTargetDependency;
			target = 3E1C06A52B4C336600847970 /* ImageFeed */;
			targetProxy = 3E8263622B9E0B3200456D31 /* PBXContainerItemProxy */;
		};
/* End PBXTargetDependency section */

/* Begin PBXVariantGroup section */
		3E1C06AF2B4C336600847970 /* Main.storyboard */ = {
			isa = PBXVariantGroup;
			children = (
				3E1C06B02B4C336600847970 /* Base */,
			);
			name = Main.storyboard;
			sourceTree = "<group>";
		};
		3E1C06B42B4C336700847970 /* LaunchScreen.storyboard */ = {
			isa = PBXVariantGroup;
			children = (
				3E1C06B52B4C336700847970 /* Base */,
			);
			name = LaunchScreen.storyboard;
			sourceTree = "<group>";
		};
/* End PBXVariantGroup section */

/* Begin XCBuildConfiguration section */
		3E1C06B82B4C336700847970 /* Debug */ = {
			isa = XCBuildConfiguration;
			buildSettings = {
				ALWAYS_SEARCH_USER_PATHS = NO;
				CLANG_ANALYZER_NONNULL = YES;
				CLANG_ANALYZER_NUMBER_OBJECT_CONVERSION = YES_AGGRESSIVE;
				CLANG_CXX_LANGUAGE_STANDARD = "gnu++17";
				CLANG_CXX_LIBRARY = "libc++";
				CLANG_ENABLE_MODULES = YES;
				CLANG_ENABLE_OBJC_ARC = YES;
				CLANG_ENABLE_OBJC_WEAK = YES;
				CLANG_WARN_BLOCK_CAPTURE_AUTORELEASING = YES;
				CLANG_WARN_BOOL_CONVERSION = YES;
				CLANG_WARN_COMMA = YES;
				CLANG_WARN_CONSTANT_CONVERSION = YES;
				CLANG_WARN_DEPRECATED_OBJC_IMPLEMENTATIONS = YES;
				CLANG_WARN_DIRECT_OBJC_ISA_USAGE = YES_ERROR;
				CLANG_WARN_DOCUMENTATION_COMMENTS = YES;
				CLANG_WARN_EMPTY_BODY = YES;
				CLANG_WARN_ENUM_CONVERSION = YES;
				CLANG_WARN_INFINITE_RECURSION = YES;
				CLANG_WARN_INT_CONVERSION = YES;
				CLANG_WARN_NON_LITERAL_NULL_CONVERSION = YES;
				CLANG_WARN_OBJC_IMPLICIT_RETAIN_SELF = YES;
				CLANG_WARN_OBJC_LITERAL_CONVERSION = YES;
				CLANG_WARN_OBJC_ROOT_CLASS = YES_ERROR;
				CLANG_WARN_QUOTED_INCLUDE_IN_FRAMEWORK_HEADER = YES;
				CLANG_WARN_RANGE_LOOP_ANALYSIS = YES;
				CLANG_WARN_STRICT_PROTOTYPES = YES;
				CLANG_WARN_SUSPICIOUS_MOVE = YES;
				CLANG_WARN_UNGUARDED_AVAILABILITY = YES_AGGRESSIVE;
				CLANG_WARN_UNREACHABLE_CODE = YES;
				CLANG_WARN__DUPLICATE_METHOD_MATCH = YES;
				COPY_PHASE_STRIP = NO;
				DEBUG_INFORMATION_FORMAT = dwarf;
				ENABLE_STRICT_OBJC_MSGSEND = YES;
				ENABLE_TESTABILITY = YES;
				GCC_C_LANGUAGE_STANDARD = gnu11;
				GCC_DYNAMIC_NO_PIC = NO;
				GCC_NO_COMMON_BLOCKS = YES;
				GCC_OPTIMIZATION_LEVEL = 0;
				GCC_PREPROCESSOR_DEFINITIONS = (
					"DEBUG=1",
					"$(inherited)",
				);
				GCC_WARN_64_TO_32_BIT_CONVERSION = YES;
				GCC_WARN_ABOUT_RETURN_TYPE = YES_ERROR;
				GCC_WARN_UNDECLARED_SELECTOR = YES;
				GCC_WARN_UNINITIALIZED_AUTOS = YES_AGGRESSIVE;
				GCC_WARN_UNUSED_FUNCTION = YES;
				GCC_WARN_UNUSED_VARIABLE = YES;
				IPHONEOS_DEPLOYMENT_TARGET = 15.0;
				MTL_ENABLE_DEBUG_INFO = INCLUDE_SOURCE;
				MTL_FAST_MATH = YES;
				ONLY_ACTIVE_ARCH = YES;
				SDKROOT = iphoneos;
				SWIFT_ACTIVE_COMPILATION_CONDITIONS = DEBUG;
				SWIFT_OPTIMIZATION_LEVEL = "-Onone";
			};
			name = Debug;
		};
		3E1C06B92B4C336700847970 /* Release */ = {
			isa = XCBuildConfiguration;
			buildSettings = {
				ALWAYS_SEARCH_USER_PATHS = NO;
				CLANG_ANALYZER_NONNULL = YES;
				CLANG_ANALYZER_NUMBER_OBJECT_CONVERSION = YES_AGGRESSIVE;
				CLANG_CXX_LANGUAGE_STANDARD = "gnu++17";
				CLANG_CXX_LIBRARY = "libc++";
				CLANG_ENABLE_MODULES = YES;
				CLANG_ENABLE_OBJC_ARC = YES;
				CLANG_ENABLE_OBJC_WEAK = YES;
				CLANG_WARN_BLOCK_CAPTURE_AUTORELEASING = YES;
				CLANG_WARN_BOOL_CONVERSION = YES;
				CLANG_WARN_COMMA = YES;
				CLANG_WARN_CONSTANT_CONVERSION = YES;
				CLANG_WARN_DEPRECATED_OBJC_IMPLEMENTATIONS = YES;
				CLANG_WARN_DIRECT_OBJC_ISA_USAGE = YES_ERROR;
				CLANG_WARN_DOCUMENTATION_COMMENTS = YES;
				CLANG_WARN_EMPTY_BODY = YES;
				CLANG_WARN_ENUM_CONVERSION = YES;
				CLANG_WARN_INFINITE_RECURSION = YES;
				CLANG_WARN_INT_CONVERSION = YES;
				CLANG_WARN_NON_LITERAL_NULL_CONVERSION = YES;
				CLANG_WARN_OBJC_IMPLICIT_RETAIN_SELF = YES;
				CLANG_WARN_OBJC_LITERAL_CONVERSION = YES;
				CLANG_WARN_OBJC_ROOT_CLASS = YES_ERROR;
				CLANG_WARN_QUOTED_INCLUDE_IN_FRAMEWORK_HEADER = YES;
				CLANG_WARN_RANGE_LOOP_ANALYSIS = YES;
				CLANG_WARN_STRICT_PROTOTYPES = YES;
				CLANG_WARN_SUSPICIOUS_MOVE = YES;
				CLANG_WARN_UNGUARDED_AVAILABILITY = YES_AGGRESSIVE;
				CLANG_WARN_UNREACHABLE_CODE = YES;
				CLANG_WARN__DUPLICATE_METHOD_MATCH = YES;
				COPY_PHASE_STRIP = NO;
				DEBUG_INFORMATION_FORMAT = "dwarf-with-dsym";
				ENABLE_NS_ASSERTIONS = NO;
				ENABLE_STRICT_OBJC_MSGSEND = YES;
				GCC_C_LANGUAGE_STANDARD = gnu11;
				GCC_NO_COMMON_BLOCKS = YES;
				GCC_WARN_64_TO_32_BIT_CONVERSION = YES;
				GCC_WARN_ABOUT_RETURN_TYPE = YES_ERROR;
				GCC_WARN_UNDECLARED_SELECTOR = YES;
				GCC_WARN_UNINITIALIZED_AUTOS = YES_AGGRESSIVE;
				GCC_WARN_UNUSED_FUNCTION = YES;
				GCC_WARN_UNUSED_VARIABLE = YES;
				IPHONEOS_DEPLOYMENT_TARGET = 15.0;
				MTL_ENABLE_DEBUG_INFO = NO;
				MTL_FAST_MATH = YES;
				SDKROOT = iphoneos;
				SWIFT_COMPILATION_MODE = wholemodule;
				SWIFT_OPTIMIZATION_LEVEL = "-O";
				VALIDATE_PRODUCT = YES;
			};
			name = Release;
		};
		3E1C06BB2B4C336700847970 /* Debug */ = {
			isa = XCBuildConfiguration;
			buildSettings = {
				ASSETCATALOG_COMPILER_APPICON_NAME = AppIcon;
				ASSETCATALOG_COMPILER_GLOBAL_ACCENT_COLOR_NAME = AccentColor;
				CODE_SIGN_STYLE = Automatic;
				CURRENT_PROJECT_VERSION = 1;
				DEVELOPMENT_TEAM = G3H6JDK669;
				GENERATE_INFOPLIST_FILE = YES;
				INFOPLIST_FILE = ImageFeed/Info.plist;
				INFOPLIST_KEY_UIApplicationSupportsIndirectInputEvents = YES;
				INFOPLIST_KEY_UILaunchStoryboardName = LaunchScreen;
				INFOPLIST_KEY_UIMainStoryboardFile = Main;
				INFOPLIST_KEY_UISupportedInterfaceOrientations = UIInterfaceOrientationPortrait;
				INFOPLIST_KEY_UISupportedInterfaceOrientations_iPad = "UIInterfaceOrientationPortrait UIInterfaceOrientationPortraitUpsideDown UIInterfaceOrientationLandscapeLeft UIInterfaceOrientationLandscapeRight";
				INFOPLIST_KEY_UISupportedInterfaceOrientations_iPhone = UIInterfaceOrientationPortrait;
				IPHONEOS_DEPLOYMENT_TARGET = 13.0;
				LD_RUNPATH_SEARCH_PATHS = (
					"$(inherited)",
					"@executable_path/Frameworks",
				);
				MARKETING_VERSION = 1.0;
				PRODUCT_BUNDLE_IDENTIFIER = folawer21.ImageFeed;
				PRODUCT_NAME = "$(TARGET_NAME)";
				SWIFT_EMIT_LOC_STRINGS = YES;
				SWIFT_VERSION = 5.0;
				TARGETED_DEVICE_FAMILY = 1;
			};
			name = Debug;
		};
		3E1C06BC2B4C336700847970 /* Release */ = {
			isa = XCBuildConfiguration;
			buildSettings = {
				ASSETCATALOG_COMPILER_APPICON_NAME = AppIcon;
				ASSETCATALOG_COMPILER_GLOBAL_ACCENT_COLOR_NAME = AccentColor;
				CODE_SIGN_STYLE = Automatic;
				CURRENT_PROJECT_VERSION = 1;
				DEVELOPMENT_TEAM = G3H6JDK669;
				GENERATE_INFOPLIST_FILE = YES;
				INFOPLIST_FILE = ImageFeed/Info.plist;
				INFOPLIST_KEY_UIApplicationSupportsIndirectInputEvents = YES;
				INFOPLIST_KEY_UILaunchStoryboardName = LaunchScreen;
				INFOPLIST_KEY_UIMainStoryboardFile = Main;
				INFOPLIST_KEY_UISupportedInterfaceOrientations = UIInterfaceOrientationPortrait;
				INFOPLIST_KEY_UISupportedInterfaceOrientations_iPad = "UIInterfaceOrientationPortrait UIInterfaceOrientationPortraitUpsideDown UIInterfaceOrientationLandscapeLeft UIInterfaceOrientationLandscapeRight";
				INFOPLIST_KEY_UISupportedInterfaceOrientations_iPhone = UIInterfaceOrientationPortrait;
				IPHONEOS_DEPLOYMENT_TARGET = 13.0;
				LD_RUNPATH_SEARCH_PATHS = (
					"$(inherited)",
					"@executable_path/Frameworks",
				);
				MARKETING_VERSION = 1.0;
				PRODUCT_BUNDLE_IDENTIFIER = folawer21.ImageFeed;
				PRODUCT_NAME = "$(TARGET_NAME)";
				SWIFT_EMIT_LOC_STRINGS = YES;
				SWIFT_VERSION = 5.0;
				TARGETED_DEVICE_FAMILY = 1;
			};
			name = Release;
		};
		3E8263642B9E0B3200456D31 /* Debug */ = {
			isa = XCBuildConfiguration;
			buildSettings = {
				ASSETCATALOG_COMPILER_GENERATE_SWIFT_ASSET_SYMBOL_EXTENSIONS = YES;
				BUNDLE_LOADER = "$(TEST_HOST)";
				CLANG_CXX_LANGUAGE_STANDARD = "gnu++20";
				CODE_SIGN_STYLE = Automatic;
				CURRENT_PROJECT_VERSION = 1;
				DEVELOPMENT_TEAM = G3H6JDK669;
				ENABLE_USER_SCRIPT_SANDBOXING = YES;
				GCC_C_LANGUAGE_STANDARD = gnu17;
				GENERATE_INFOPLIST_FILE = YES;
				IPHONEOS_DEPLOYMENT_TARGET = 17.2;
				LOCALIZATION_PREFERS_STRING_CATALOGS = YES;
				MARKETING_VERSION = 1.0;
				PRODUCT_BUNDLE_IDENTIFIER = folawer21.ImageFeedTests;
				PRODUCT_NAME = "$(TARGET_NAME)";
				SWIFT_ACTIVE_COMPILATION_CONDITIONS = "DEBUG $(inherited)";
				SWIFT_EMIT_LOC_STRINGS = NO;
				SWIFT_VERSION = 5.0;
				TARGETED_DEVICE_FAMILY = "1,2";
				TEST_HOST = "$(BUILT_PRODUCTS_DIR)/ImageFeed.app/$(BUNDLE_EXECUTABLE_FOLDER_PATH)/ImageFeed";
			};
			name = Debug;
		};
		3E8263652B9E0B3200456D31 /* Release */ = {
			isa = XCBuildConfiguration;
			buildSettings = {
				ASSETCATALOG_COMPILER_GENERATE_SWIFT_ASSET_SYMBOL_EXTENSIONS = YES;
				BUNDLE_LOADER = "$(TEST_HOST)";
				CLANG_CXX_LANGUAGE_STANDARD = "gnu++20";
				CODE_SIGN_STYLE = Automatic;
				CURRENT_PROJECT_VERSION = 1;
				DEVELOPMENT_TEAM = G3H6JDK669;
				ENABLE_USER_SCRIPT_SANDBOXING = YES;
				GCC_C_LANGUAGE_STANDARD = gnu17;
				GENERATE_INFOPLIST_FILE = YES;
				IPHONEOS_DEPLOYMENT_TARGET = 17.2;
				LOCALIZATION_PREFERS_STRING_CATALOGS = YES;
				MARKETING_VERSION = 1.0;
				PRODUCT_BUNDLE_IDENTIFIER = folawer21.ImageFeedTests;
				PRODUCT_NAME = "$(TARGET_NAME)";
				SWIFT_EMIT_LOC_STRINGS = NO;
				SWIFT_VERSION = 5.0;
				TARGETED_DEVICE_FAMILY = "1,2";
				TEST_HOST = "$(BUILT_PRODUCTS_DIR)/ImageFeed.app/$(BUNDLE_EXECUTABLE_FOLDER_PATH)/ImageFeed";
			};
			name = Release;
		};
/* End XCBuildConfiguration section */

/* Begin XCConfigurationList section */
		3E1C06A12B4C336600847970 /* Build configuration list for PBXProject "ImageFeed" */ = {
			isa = XCConfigurationList;
			buildConfigurations = (
				3E1C06B82B4C336700847970 /* Debug */,
				3E1C06B92B4C336700847970 /* Release */,
			);
			defaultConfigurationIsVisible = 0;
			defaultConfigurationName = Release;
		};
		3E1C06BA2B4C336700847970 /* Build configuration list for PBXNativeTarget "ImageFeed" */ = {
			isa = XCConfigurationList;
			buildConfigurations = (
				3E1C06BB2B4C336700847970 /* Debug */,
				3E1C06BC2B4C336700847970 /* Release */,
			);
			defaultConfigurationIsVisible = 0;
			defaultConfigurationName = Release;
		};
		3E8263662B9E0B3200456D31 /* Build configuration list for PBXNativeTarget "ImageFeedTests" */ = {
			isa = XCConfigurationList;
			buildConfigurations = (
				3E8263642B9E0B3200456D31 /* Debug */,
				3E8263652B9E0B3200456D31 /* Release */,
			);
			defaultConfigurationIsVisible = 0;
			defaultConfigurationName = Release;
		};
/* End XCConfigurationList section */

/* Begin XCRemoteSwiftPackageReference section */
		3E82631E2B93437200456D31 /* XCRemoteSwiftPackageReference "ProgressHUD" */ = {
			isa = XCRemoteSwiftPackageReference;
			repositoryURL = "https://github.com/relatedcode/ProgressHUD";
			requirement = {
				kind = upToNextMajorVersion;
				minimumVersion = 14.1.1;
			};
		};
		3E8263272B99EDEC00456D31 /* XCRemoteSwiftPackageReference "Kingfisher" */ = {
			isa = XCRemoteSwiftPackageReference;
			repositoryURL = "https://github.com/onevcat/Kingfisher.git";
			requirement = {
				kind = upToNextMajorVersion;
				minimumVersion = 7.11.0;
			};
		};
		3E82632A2B99F77200456D31 /* XCRemoteSwiftPackageReference "SwiftKeychainWrapper" */ = {
			isa = XCRemoteSwiftPackageReference;
			repositoryURL = "https://github.com/jrendel/SwiftKeychainWrapper";
			requirement = {
				kind = upToNextMajorVersion;
				minimumVersion = 4.0.1;
			};
		};
/* End XCRemoteSwiftPackageReference section */

/* Begin XCSwiftPackageProductDependency section */
		3E82631F2B93437200456D31 /* ProgressHUD */ = {
			isa = XCSwiftPackageProductDependency;
			package = 3E82631E2B93437200456D31 /* XCRemoteSwiftPackageReference "ProgressHUD" */;
			productName = ProgressHUD;
		};
		3E8263282B99EDEC00456D31 /* Kingfisher */ = {
			isa = XCSwiftPackageProductDependency;
			package = 3E8263272B99EDEC00456D31 /* XCRemoteSwiftPackageReference "Kingfisher" */;
			productName = Kingfisher;
		};
		3E82632B2B99F77200456D31 /* SwiftKeychainWrapper */ = {
			isa = XCSwiftPackageProductDependency;
			package = 3E82632A2B99F77200456D31 /* XCRemoteSwiftPackageReference "SwiftKeychainWrapper" */;
			productName = SwiftKeychainWrapper;
		};
/* End XCSwiftPackageProductDependency section */
	};
	rootObject = 3E1C069E2B4C336600847970 /* Project object */;
}
